# THIS IS AN AUTOGENERATED FILE. DO NOT EDIT THIS FILE DIRECTLY.
# yarn lockfile v1


actioncable@^5.2.2-1:
  version "5.2.2-1"
  resolved "https://registry.yarnpkg.com/actioncable/-/actioncable-5.2.2-1.tgz#8d58632994478ae4bbe395a3c9f039356af12e18"

camelcase@^5.2.0:
  version "5.2.0"
  resolved "https://registry.yarnpkg.com/camelcase/-/camelcase-5.2.0.tgz#e7522abda5ed94cc0489e1b8466610e88404cf45"
